
Microsoft Visual Studio Solution File, Format Version 12.00
Project("{FAE04EC0-301F-11D3-BF4B-00C04F79EFBC}") = "Pastel.Enhanced", "Pastel.Enhanced\Pastel.Enhanced.csproj", "{064AADA0-0544-46CB-8D1B-E41D243C9D3C}"
EndProject
Global
	GlobalSection(SolutionConfigurationPlatforms) = preSolution
		Debug|Any CPU = Debug|Any CPU
		Release|Any CPU = Release|Any CPU
	EndGlobalSection
	GlobalSection(ProjectConfigurationPlatforms) = postSolution
		{064AADA0-0544-46CB-8D1B-E41D243C9D3C}.Debug|Any CPU.ActiveCfg = Debug|Any CPU
		{064AADA0-0544-46CB-8D1B-E41D243C9D3C}.Debug|Any CPU.Build.0 = Debug|Any CPU
		{064AADA0-0544-46CB-8D1B-E41D243C9D3C}.Release|Any CPU.ActiveCfg = Release|Any CPU
		{064AADA0-0544-46CB-8D1B-E41D243C9D3C}.Release|Any CPU.Build.0 = Release|Any CPU
	EndGlobalSection
EndGlobal
